// !$*UTF8*$!
{
	archiveVersion = 1;
	classes = {
	};
	objectVersion = 46;
	objects = {

/* Begin PBXBuildFile section */
		B3988AAB1858184100779818 /* Foundation.framework in Frameworks */ = {isa = PBXBuildFile; fileRef = B3988AAA1858184100779818 /* Foundation.framework */; };
		B3988AAD1858184100779818 /* CoreGraphics.framework in Frameworks */ = {isa = PBXBuildFile; fileRef = B3988AAC1858184100779818 /* CoreGraphics.framework */; };
		B3988AAF1858184100779818 /* UIKit.framework in Frameworks */ = {isa = PBXBuildFile; fileRef = B3988AAE1858184100779818 /* UIKit.framework */; };
		B3988AB51858184100779818 /* InfoPlist.strings in Resources */ = {isa = PBXBuildFile; fileRef = B3988AB31858184100779818 /* InfoPlist.strings */; };
		B3988AB71858184100779818 /* main.m in Sources */ = {isa = PBXBuildFile; fileRef = B3988AB61858184100779818 /* main.m */; };
		B3988ABB1858184100779818 /* SDAppDelegate.m in Sources */ = {isa = PBXBuildFile; fileRef = B3988ABA1858184100779818 /* SDAppDelegate.m */; };
		B3988ABE1858184100779818 /* Main.storyboard in Resources */ = {isa = PBXBuildFile; fileRef = B3988ABC1858184100779818 /* Main.storyboard */; };
		B3988AC11858184100779818 /* SDViewController.m in Sources */ = {isa = PBXBuildFile; fileRef = B3988AC01858184100779818 /* SDViewController.m */; };
		B3988AC31858184100779818 /* Images.xcassets in Resources */ = {isa = PBXBuildFile; fileRef = B3988AC21858184100779818 /* Images.xcassets */; };
		B3988ACA1858184100779818 /* XCTest.framework in Frameworks */ = {isa = PBXBuildFile; fileRef = B3988AC91858184100779818 /* XCTest.framework */; };
		B3988ACB1858184100779818 /* Foundation.framework in Frameworks */ = {isa = PBXBuildFile; fileRef = B3988AAA1858184100779818 /* Foundation.framework */; };
		B3988ACC1858184100779818 /* UIKit.framework in Frameworks */ = {isa = PBXBuildFile; fileRef = B3988AAE1858184100779818 /* UIKit.framework */; };
		B3988AD41858184100779818 /* InfoPlist.strings in Resources */ = {isa = PBXBuildFile; fileRef = B3988AD21858184100779818 /* InfoPlist.strings */; };
		B3988AD61858184100779818 /* SynthDesignerTests.m in Sources */ = {isa = PBXBuildFile; fileRef = B3988AD51858184100779818 /* SynthDesignerTests.m */; };
		B398942C18581BC800779818 /* TonicSynthManager.mm in Sources */ = {isa = PBXBuildFile; fileRef = B398942B18581BC800779818 /* TonicSynthManager.mm */; };
		B398946218581EC900779818 /* libTonic-iOS.a in Frameworks */ = {isa = PBXBuildFile; fileRef = B398945E18581E7000779818 /* libTonic-iOS.a */; };
		B398946418581EDA00779818 /* AudioToolbox.framework in Frameworks */ = {isa = PBXBuildFile; fileRef = B398946318581EDA00779818 /* AudioToolbox.framework */; };
		B398946618581EDF00779818 /* Accelerate.framework in Frameworks */ = {isa = PBXBuildFile; fileRef = B398946518581EDF00779818 /* Accelerate.framework */; };
		B398946F18581FA000779818 /* libTheAmazingAudioEngine.a in Frameworks */ = {isa = PBXBuildFile; fileRef = B398946C18581F8300779818 /* libTheAmazingAudioEngine.a */; };
/* End PBXBuildFile section */

/* Begin PBXContainerItemProxy section */
		B3988ACD1858184100779818 /* PBXContainerItemProxy */ = {
			isa = PBXContainerItemProxy;
			containerPortal = B3988A9F1858184100779818 /* Project object */;
			proxyType = 1;
			remoteGlobalIDString = B3988AA61858184100779818;
			remoteInfo = SynthDesigner;
		};
		B398945B18581E7000779818 /* PBXContainerItemProxy */ = {
			isa = PBXContainerItemProxy;
			containerPortal = B398945618581E7000779818 /* TonicLib.xcodeproj */;
			proxyType = 2;
			remoteGlobalIDString = 01F72690171520F900EBB4BB;
			remoteInfo = "Tonic-OSX";
		};
		B398945D18581E7000779818 /* PBXContainerItemProxy */ = {
			isa = PBXContainerItemProxy;
			containerPortal = B398945618581E7000779818 /* TonicLib.xcodeproj */;
			proxyType = 2;
			remoteGlobalIDString = F23A7CF1171B3D2E00AE8353;
			remoteInfo = "Tonic-iOS";
		};
		B398946018581EC400779818 /* PBXContainerItemProxy */ = {
			isa = PBXContainerItemProxy;
			containerPortal = B398945618581E7000779818 /* TonicLib.xcodeproj */;
			proxyType = 1;
			remoteGlobalIDString = F23A7CF0171B3D2D00AE8353;
			remoteInfo = "Tonic-iOS";
		};
		B398946B18581F8300779818 /* PBXContainerItemProxy */ = {
			isa = PBXContainerItemProxy;
			containerPortal = B398946718581F8200779818 /* TheAmazingAudioEngine.xcodeproj */;
			proxyType = 2;
			remoteGlobalIDString = 4C215CEC1523A7D500D36CAD;
			remoteInfo = TheAmazingAudioEngine;
		};
		B398946D18581F9A00779818 /* PBXContainerItemProxy */ = {
			isa = PBXContainerItemProxy;
			containerPortal = B398946718581F8200779818 /* TheAmazingAudioEngine.xcodeproj */;
			proxyType = 1;
			remoteGlobalIDString = 4C215CEB1523A7D500D36CAD;
			remoteInfo = TheAmazingAudioEngine;
		};
/* End PBXContainerItemProxy section */

/* Begin PBXFileReference section */
		B3988AA71858184100779818 /* SynthDesigner.app */ = {isa = PBXFileReference; explicitFileType = wrapper.application; includeInIndex = 0; path = SynthDesigner.app; sourceTree = BUILT_PRODUCTS_DIR; };
		B3988AAA1858184100779818 /* Foundation.framework */ = {isa = PBXFileReference; lastKnownFileType = wrapper.framework; name = Foundation.framework; path = System/Library/Frameworks/Foundation.framework; sourceTree = SDKROOT; };
		B3988AAC1858184100779818 /* CoreGraphics.framework */ = {isa = PBXFileReference; lastKnownFileType = wrapper.framework; name = CoreGraphics.framework; path = System/Library/Frameworks/CoreGraphics.framework; sourceTree = SDKROOT; };
		B3988AAE1858184100779818 /* UIKit.framework */ = {isa = PBXFileReference; lastKnownFileType = wrapper.framework; name = UIKit.framework; path = System/Library/Frameworks/UIKit.framework; sourceTree = SDKROOT; };
		B3988AB21858184100779818 /* SynthDesigner-Info.plist */ = {isa = PBXFileReference; lastKnownFileType = text.plist.xml; path = "SynthDesigner-Info.plist"; sourceTree = "<group>"; };
		B3988AB41858184100779818 /* en */ = {isa = PBXFileReference; lastKnownFileType = text.plist.strings; name = en; path = en.lproj/InfoPlist.strings; sourceTree = "<group>"; };
		B3988AB61858184100779818 /* main.m */ = {isa = PBXFileReference; lastKnownFileType = sourcecode.c.objc; path = main.m; sourceTree = "<group>"; };
		B3988AB81858184100779818 /* SynthDesigner-Prefix.pch */ = {isa = PBXFileReference; lastKnownFileType = sourcecode.c.h; path = "SynthDesigner-Prefix.pch"; sourceTree = "<group>"; };
		B3988AB91858184100779818 /* SDAppDelegate.h */ = {isa = PBXFileReference; lastKnownFileType = sourcecode.c.h; path = SDAppDelegate.h; sourceTree = "<group>"; };
		B3988ABA1858184100779818 /* SDAppDelegate.m */ = {isa = PBXFileReference; lastKnownFileType = sourcecode.c.objc; path = SDAppDelegate.m; sourceTree = "<group>"; };
		B3988ABD1858184100779818 /* Base */ = {isa = PBXFileReference; lastKnownFileType = file.storyboard; name = Base; path = Base.lproj/Main.storyboard; sourceTree = "<group>"; };
		B3988ABF1858184100779818 /* SDViewController.h */ = {isa = PBXFileReference; lastKnownFileType = sourcecode.c.h; path = SDViewController.h; sourceTree = "<group>"; };
		B3988AC01858184100779818 /* SDViewController.m */ = {isa = PBXFileReference; lastKnownFileType = sourcecode.c.objc; path = SDViewController.m; sourceTree = "<group>"; };
		B3988AC21858184100779818 /* Images.xcassets */ = {isa = PBXFileReference; lastKnownFileType = folder.assetcatalog; path = Images.xcassets; sourceTree = "<group>"; };
		B3988AC81858184100779818 /* SynthDesignerTests.xctest */ = {isa = PBXFileReference; explicitFileType = wrapper.cfbundle; includeInIndex = 0; path = SynthDesignerTests.xctest; sourceTree = BUILT_PRODUCTS_DIR; };
		B3988AC91858184100779818 /* XCTest.framework */ = {isa = PBXFileReference; lastKnownFileType = wrapper.framework; name = XCTest.framework; path = Library/Frameworks/XCTest.framework; sourceTree = DEVELOPER_DIR; };
		B3988AD11858184100779818 /* SynthDesignerTests-Info.plist */ = {isa = PBXFileReference; lastKnownFileType = text.plist.xml; path = "SynthDesignerTests-Info.plist"; sourceTree = "<group>"; };
		B3988AD31858184100779818 /* en */ = {isa = PBXFileReference; lastKnownFileType = text.plist.strings; name = en; path = en.lproj/InfoPlist.strings; sourceTree = "<group>"; };
		B3988AD51858184100779818 /* SynthDesignerTests.m */ = {isa = PBXFileReference; lastKnownFileType = sourcecode.c.objc; path = SynthDesignerTests.m; sourceTree = "<group>"; };
		B398942A18581BC800779818 /* TonicSynthManager.h */ = {isa = PBXFileReference; fileEncoding = 4; lastKnownFileType = sourcecode.c.h; path = TonicSynthManager.h; sourceTree = "<group>"; };
		B398942B18581BC800779818 /* TonicSynthManager.mm */ = {isa = PBXFileReference; fileEncoding = 4; lastKnownFileType = sourcecode.cpp.objcpp; path = TonicSynthManager.mm; sourceTree = "<group>"; };
		B398942D18581C2E00779818 /* libTonic-iOS.a */ = {isa = PBXFileReference; lastKnownFileType = file; name = "libTonic-iOS.a"; path = "External/Tonic/lib/build/Debug-iphoneos/libTonic-iOS.a"; sourceTree = "<group>"; };
		B398945618581E7000779818 /* TonicLib.xcodeproj */ = {isa = PBXFileReference; lastKnownFileType = "wrapper.pb-project"; name = TonicLib.xcodeproj; path = External/Tonic/lib/TonicLib.xcodeproj; sourceTree = "<group>"; };
		B398946318581EDA00779818 /* AudioToolbox.framework */ = {isa = PBXFileReference; lastKnownFileType = wrapper.framework; name = AudioToolbox.framework; path = System/Library/Frameworks/AudioToolbox.framework; sourceTree = SDKROOT; };
		B398946518581EDF00779818 /* Accelerate.framework */ = {isa = PBXFileReference; lastKnownFileType = wrapper.framework; name = Accelerate.framework; path = System/Library/Frameworks/Accelerate.framework; sourceTree = SDKROOT; };
		B398946718581F8200779818 /* TheAmazingAudioEngine.xcodeproj */ = {isa = PBXFileReference; lastKnownFileType = "wrapper.pb-project"; name = TheAmazingAudioEngine.xcodeproj; path = External/TheAmazingAudioEngine/TheAmazingAudioEngine.xcodeproj; sourceTree = "<group>"; };
/* End PBXFileReference section */

/* Begin PBXFrameworksBuildPhase section */
		B3988AA41858184100779818 /* Frameworks */ = {
			isa = PBXFrameworksBuildPhase;
			buildActionMask = 2147483647;
			files = (
				B398946F18581FA000779818 /* libTheAmazingAudioEngine.a in Frameworks */,
				B398946618581EDF00779818 /* Accelerate.framework in Frameworks */,
				B398946418581EDA00779818 /* AudioToolbox.framework in Frameworks */,
				B398946218581EC900779818 /* libTonic-iOS.a in Frameworks */,
				B3988AAD1858184100779818 /* CoreGraphics.framework in Frameworks */,
				B3988AAF1858184100779818 /* UIKit.framework in Frameworks */,
				B3988AAB1858184100779818 /* Foundation.framework in Frameworks */,
			);
			runOnlyForDeploymentPostprocessing = 0;
		};
		B3988AC51858184100779818 /* Frameworks */ = {
			isa = PBXFrameworksBuildPhase;
			buildActionMask = 2147483647;
			files = (
				B3988ACA1858184100779818 /* XCTest.framework in Frameworks */,
				B3988ACC1858184100779818 /* UIKit.framework in Frameworks */,
				B3988ACB1858184100779818 /* Foundation.framework in Frameworks */,
			);
			runOnlyForDeploymentPostprocessing = 0;
		};
/* End PBXFrameworksBuildPhase section */

/* Begin PBXGroup section */
		B3988A9E1858184100779818 = {
			isa = PBXGroup;
			children = (
				B3988EF31858198400779818 /* External */,
				B3988AB01858184100779818 /* SynthDesigner */,
				B3988ACF1858184100779818 /* SynthDesignerTests */,
				B3988AA91858184100779818 /* Frameworks */,
				B3988AA81858184100779818 /* Products */,
			);
			sourceTree = "<group>";
		};
		B3988AA81858184100779818 /* Products */ = {
			isa = PBXGroup;
			children = (
				B3988AA71858184100779818 /* SynthDesigner.app */,
				B3988AC81858184100779818 /* SynthDesignerTests.xctest */,
			);
			name = Products;
			sourceTree = "<group>";
		};
		B3988AA91858184100779818 /* Frameworks */ = {
			isa = PBXGroup;
			children = (
				B398946518581EDF00779818 /* Accelerate.framework */,
				B398946318581EDA00779818 /* AudioToolbox.framework */,
				B398942D18581C2E00779818 /* libTonic-iOS.a */,
				B3988AAA1858184100779818 /* Foundation.framework */,
				B3988AAC1858184100779818 /* CoreGraphics.framework */,
				B3988AAE1858184100779818 /* UIKit.framework */,
				B3988AC91858184100779818 /* XCTest.framework */,
			);
			name = Frameworks;
			sourceTree = "<group>";
		};
		B3988AB01858184100779818 /* SynthDesigner */ = {
			isa = PBXGroup;
			children = (
				B398942A18581BC800779818 /* TonicSynthManager.h */,
				B398942B18581BC800779818 /* TonicSynthManager.mm */,
				B3988AB91858184100779818 /* SDAppDelegate.h */,
				B3988ABA1858184100779818 /* SDAppDelegate.m */,
				B3988ABC1858184100779818 /* Main.storyboard */,
				B3988ABF1858184100779818 /* SDViewController.h */,
				B3988AC01858184100779818 /* SDViewController.m */,
				B3988AC21858184100779818 /* Images.xcassets */,
				B3988AB11858184100779818 /* Supporting Files */,
			);
			path = SynthDesigner;
			sourceTree = "<group>";
		};
		B3988AB11858184100779818 /* Supporting Files */ = {
			isa = PBXGroup;
			children = (
				B3988AB21858184100779818 /* SynthDesigner-Info.plist */,
				B3988AB31858184100779818 /* InfoPlist.strings */,
				B3988AB61858184100779818 /* main.m */,
				B3988AB81858184100779818 /* SynthDesigner-Prefix.pch */,
			);
			name = "Supporting Files";
			sourceTree = "<group>";
		};
		B3988ACF1858184100779818 /* SynthDesignerTests */ = {
			isa = PBXGroup;
			children = (
				B3988AD51858184100779818 /* SynthDesignerTests.m */,
				B3988AD01858184100779818 /* Supporting Files */,
			);
			path = SynthDesignerTests;
			sourceTree = "<group>";
		};
		B3988AD01858184100779818 /* Supporting Files */ = {
			isa = PBXGroup;
			children = (
				B3988AD11858184100779818 /* SynthDesignerTests-Info.plist */,
				B3988AD21858184100779818 /* InfoPlist.strings */,
			);
			name = "Supporting Files";
			sourceTree = "<group>";
		};
		B3988EF31858198400779818 /* External */ = {
			isa = PBXGroup;
			children = (
				B398945F18581E7800779818 /* Tonic */,
				B398943618581CE500779818 /* The Amazing Audiuo Engine */,
				B3988EF9185819DB00779818 /* Tonic */,
			);
			name = External;
			sourceTree = "<group>";
		};
		B3988EF9185819DB00779818 /* Tonic */ = {
			isa = PBXGroup;
			children = (
			);
			name = Tonic;
			path = External/Tonic;
			sourceTree = "<group>";
		};
		B398943618581CE500779818 /* The Amazing Audiuo Engine */ = {
			isa = PBXGroup;
			children = (
				B398946718581F8200779818 /* TheAmazingAudioEngine.xcodeproj */,
			);
			name = "The Amazing Audiuo Engine";
			sourceTree = "<group>";
		};
		B398945718581E7000779818 /* Products */ = {
			isa = PBXGroup;
			children = (
				B398945C18581E7000779818 /* libTonic-OSX.a */,
				B398945E18581E7000779818 /* libTonic-iOS.a */,
			);
			name = Products;
			sourceTree = "<group>";
		};
		B398945F18581E7800779818 /* Tonic */ = {
			isa = PBXGroup;
			children = (
				B398945618581E7000779818 /* TonicLib.xcodeproj */,
			);
			name = Tonic;
			sourceTree = "<group>";
		};
		B398946818581F8200779818 /* Products */ = {
			isa = PBXGroup;
			children = (
				B398946C18581F8300779818 /* libTheAmazingAudioEngine.a */,
			);
			name = Products;
			sourceTree = "<group>";
		};
/* End PBXGroup section */

/* Begin PBXNativeTarget section */
		B3988AA61858184100779818 /* SynthDesigner */ = {
			isa = PBXNativeTarget;
			buildConfigurationList = B3988AD91858184100779818 /* Build configuration list for PBXNativeTarget "SynthDesigner" */;
			buildPhases = (
				B3988AA31858184100779818 /* Sources */,
				B3988AA41858184100779818 /* Frameworks */,
				B3988AA51858184100779818 /* Resources */,
			);
			buildRules = (
			);
			dependencies = (
				B398946E18581F9A00779818 /* PBXTargetDependency */,
				B398946118581EC400779818 /* PBXTargetDependency */,
			);
			name = SynthDesigner;
			productName = SynthDesigner;
			productReference = B3988AA71858184100779818 /* SynthDesigner.app */;
			productType = "com.apple.product-type.application";
		};
		B3988AC71858184100779818 /* SynthDesignerTests */ = {
			isa = PBXNativeTarget;
			buildConfigurationList = B3988ADC1858184100779818 /* Build configuration list for PBXNativeTarget "SynthDesignerTests" */;
			buildPhases = (
				B3988AC41858184100779818 /* Sources */,
				B3988AC51858184100779818 /* Frameworks */,
				B3988AC61858184100779818 /* Resources */,
			);
			buildRules = (
			);
			dependencies = (
				B3988ACE1858184100779818 /* PBXTargetDependency */,
			);
			name = SynthDesignerTests;
			productName = SynthDesignerTests;
			productReference = B3988AC81858184100779818 /* SynthDesignerTests.xctest */;
			productType = "com.apple.product-type.bundle.unit-test";
		};
/* End PBXNativeTarget section */

/* Begin PBXProject section */
		B3988A9F1858184100779818 /* Project object */ = {
			isa = PBXProject;
			attributes = {
				CLASSPREFIX = SD;
				LastUpgradeCheck = 0500;
				TargetAttributes = {
					B3988AC71858184100779818 = {
						TestTargetID = B3988AA61858184100779818;
					};
				};
			};
			buildConfigurationList = B3988AA21858184100779818 /* Build configuration list for PBXProject "SynthDesigner" */;
			compatibilityVersion = "Xcode 3.2";
			developmentRegion = English;
			hasScannedForEncodings = 0;
			knownRegions = (
				en,
				Base,
			);
			mainGroup = B3988A9E1858184100779818;
			productRefGroup = B3988AA81858184100779818 /* Products */;
			projectDirPath = "";
			projectReferences = (
				{
					ProductGroup = B398946818581F8200779818 /* Products */;
					ProjectRef = B398946718581F8200779818 /* TheAmazingAudioEngine.xcodeproj */;
				},
				{
					ProductGroup = B398945718581E7000779818 /* Products */;
					ProjectRef = B398945618581E7000779818 /* TonicLib.xcodeproj */;
				},
			);
			projectRoot = "";
			targets = (
				B3988AA61858184100779818 /* SynthDesigner */,
				B3988AC71858184100779818 /* SynthDesignerTests */,
			);
		};
/* End PBXProject section */

/* Begin PBXReferenceProxy section */
		B398945C18581E7000779818 /* libTonic-OSX.a */ = {
			isa = PBXReferenceProxy;
			fileType = archive.ar;
			path = "libTonic-OSX.a";
			remoteRef = B398945B18581E7000779818 /* PBXContainerItemProxy */;
			sourceTree = BUILT_PRODUCTS_DIR;
		};
		B398945E18581E7000779818 /* libTonic-iOS.a */ = {
			isa = PBXReferenceProxy;
			fileType = archive.ar;
			path = "libTonic-iOS.a";
			remoteRef = B398945D18581E7000779818 /* PBXContainerItemProxy */;
			sourceTree = BUILT_PRODUCTS_DIR;
		};
		B398946C18581F8300779818 /* libTheAmazingAudioEngine.a */ = {
			isa = PBXReferenceProxy;
			fileType = archive.ar;
			path = libTheAmazingAudioEngine.a;
			remoteRef = B398946B18581F8300779818 /* PBXContainerItemProxy */;
			sourceTree = BUILT_PRODUCTS_DIR;
		};
/* End PBXReferenceProxy section */

/* Begin PBXResourcesBuildPhase section */
		B3988AA51858184100779818 /* Resources */ = {
			isa = PBXResourcesBuildPhase;
			buildActionMask = 2147483647;
			files = (
				B3988AC31858184100779818 /* Images.xcassets in Resources */,
				B3988AB51858184100779818 /* InfoPlist.strings in Resources */,
				B3988ABE1858184100779818 /* Main.storyboard in Resources */,
			);
			runOnlyForDeploymentPostprocessing = 0;
		};
		B3988AC61858184100779818 /* Resources */ = {
			isa = PBXResourcesBuildPhase;
			buildActionMask = 2147483647;
			files = (
				B3988AD41858184100779818 /* InfoPlist.strings in Resources */,
			);
			runOnlyForDeploymentPostprocessing = 0;
		};
/* End PBXResourcesBuildPhase section */

/* Begin PBXSourcesBuildPhase section */
		B3988AA31858184100779818 /* Sources */ = {
			isa = PBXSourcesBuildPhase;
			buildActionMask = 2147483647;
			files = (
				B3988AB71858184100779818 /* main.m in Sources */,
				B398942C18581BC800779818 /* TonicSynthManager.mm in Sources */,
				B3988AC11858184100779818 /* SDViewController.m in Sources */,
				B3988ABB1858184100779818 /* SDAppDelegate.m in Sources */,
			);
			runOnlyForDeploymentPostprocessing = 0;
		};
		B3988AC41858184100779818 /* Sources */ = {
			isa = PBXSourcesBuildPhase;
			buildActionMask = 2147483647;
			files = (
				B3988AD61858184100779818 /* SynthDesignerTests.m in Sources */,
			);
			runOnlyForDeploymentPostprocessing = 0;
		};
/* End PBXSourcesBuildPhase section */

/* Begin PBXTargetDependency section */
		B3988ACE1858184100779818 /* PBXTargetDependency */ = {
			isa = PBXTargetDependency;
			target = B3988AA61858184100779818 /* SynthDesigner */;
			targetProxy = B3988ACD1858184100779818 /* PBXContainerItemProxy */;
		};
		B398946118581EC400779818 /* PBXTargetDependency */ = {
			isa = PBXTargetDependency;
			name = "Tonic-iOS";
			targetProxy = B398946018581EC400779818 /* PBXContainerItemProxy */;
		};
		B398946E18581F9A00779818 /* PBXTargetDependency */ = {
			isa = PBXTargetDependency;
			name = TheAmazingAudioEngine;
			targetProxy = B398946D18581F9A00779818 /* PBXContainerItemProxy */;
		};
/* End PBXTargetDependency section */

/* Begin PBXVariantGroup section */
		B3988AB31858184100779818 /* InfoPlist.strings */ = {
			isa = PBXVariantGroup;
			children = (
				B3988AB41858184100779818 /* en */,
			);
			name = InfoPlist.strings;
			sourceTree = "<group>";
		};
		B3988ABC1858184100779818 /* Main.storyboard */ = {
			isa = PBXVariantGroup;
			children = (
				B3988ABD1858184100779818 /* Base */,
			);
			name = Main.storyboard;
			sourceTree = "<group>";
		};
		B3988AD21858184100779818 /* InfoPlist.strings */ = {
			isa = PBXVariantGroup;
			children = (
				B3988AD31858184100779818 /* en */,
			);
			name = InfoPlist.strings;
			sourceTree = "<group>";
		};
/* End PBXVariantGroup section */

/* Begin XCBuildConfiguration section */
		B3988AD71858184100779818 /* Debug */ = {
			isa = XCBuildConfiguration;
			buildSettings = {
				ALWAYS_SEARCH_USER_PATHS = NO;
				ARCHS = "$(ARCHS_STANDARD_INCLUDING_64_BIT)";
				CLANG_CXX_LANGUAGE_STANDARD = "gnu++0x";
				CLANG_CXX_LIBRARY = "libc++";
				CLANG_ENABLE_MODULES = YES;
				CLANG_ENABLE_OBJC_ARC = YES;
				CLANG_WARN_BOOL_CONVERSION = YES;
				CLANG_WARN_CONSTANT_CONVERSION = YES;
				CLANG_WARN_DIRECT_OBJC_ISA_USAGE = YES_ERROR;
				CLANG_WARN_EMPTY_BODY = YES;
				CLANG_WARN_ENUM_CONVERSION = YES;
				CLANG_WARN_INT_CONVERSION = YES;
				CLANG_WARN_OBJC_ROOT_CLASS = YES_ERROR;
				CLANG_WARN__DUPLICATE_METHOD_MATCH = YES;
				"CODE_SIGN_IDENTITY[sdk=iphoneos*]" = "iPhone Developer";
				COPY_PHASE_STRIP = NO;
				GCC_C_LANGUAGE_STANDARD = gnu99;
				GCC_DYNAMIC_NO_PIC = NO;
				GCC_OPTIMIZATION_LEVEL = 0;
				GCC_PREPROCESSOR_DEFINITIONS = (
					"DEBUG=1",
					"$(inherited)",
				);
				GCC_SYMBOLS_PRIVATE_EXTERN = NO;
				GCC_WARN_64_TO_32_BIT_CONVERSION = YES;
				GCC_WARN_ABOUT_RETURN_TYPE = YES_ERROR;
				GCC_WARN_UNDECLARED_SELECTOR = YES;
				GCC_WARN_UNINITIALIZED_AUTOS = YES;
				GCC_WARN_UNUSED_FUNCTION = YES;
				GCC_WARN_UNUSED_VARIABLE = YES;
				HEADER_SEARCH_PATHS = (
					"$(inherited)",
					/Applications/Xcode.app/Contents/Developer/Toolchains/XcodeDefault.xctoolchain/usr/include,
					External/Tonic/src,
				);
				IPHONEOS_DEPLOYMENT_TARGET = 7.0;
				ONLY_ACTIVE_ARCH = YES;
				SDKROOT = iphoneos;
				TARGETED_DEVICE_FAMILY = 2;
			};
			name = Debug;
		};
		B3988AD81858184100779818 /* Release */ = {
			isa = XCBuildConfiguration;
			buildSettings = {
				ALWAYS_SEARCH_USER_PATHS = NO;
				ARCHS = "$(ARCHS_STANDARD_INCLUDING_64_BIT)";
				CLANG_CXX_LANGUAGE_STANDARD = "gnu++0x";
				CLANG_CXX_LIBRARY = "libc++";
				CLANG_ENABLE_MODULES = YES;
				CLANG_ENABLE_OBJC_ARC = YES;
				CLANG_WARN_BOOL_CONVERSION = YES;
				CLANG_WARN_CONSTANT_CONVERSION = YES;
				CLANG_WARN_DIRECT_OBJC_ISA_USAGE = YES_ERROR;
				CLANG_WARN_EMPTY_BODY = YES;
				CLANG_WARN_ENUM_CONVERSION = YES;
				CLANG_WARN_INT_CONVERSION = YES;
				CLANG_WARN_OBJC_ROOT_CLASS = YES_ERROR;
				CLANG_WARN__DUPLICATE_METHOD_MATCH = YES;
				"CODE_SIGN_IDENTITY[sdk=iphoneos*]" = "iPhone Developer";
				COPY_PHASE_STRIP = YES;
				ENABLE_NS_ASSERTIONS = NO;
				GCC_C_LANGUAGE_STANDARD = gnu99;
				GCC_WARN_64_TO_32_BIT_CONVERSION = YES;
				GCC_WARN_ABOUT_RETURN_TYPE = YES_ERROR;
				GCC_WARN_UNDECLARED_SELECTOR = YES;
				GCC_WARN_UNINITIALIZED_AUTOS = YES;
				GCC_WARN_UNUSED_FUNCTION = YES;
				GCC_WARN_UNUSED_VARIABLE = YES;
				HEADER_SEARCH_PATHS = (
					"$(inherited)",
					/Applications/Xcode.app/Contents/Developer/Toolchains/XcodeDefault.xctoolchain/usr/include,
					External/Tonic/src,
				);
				IPHONEOS_DEPLOYMENT_TARGET = 7.0;
				SDKROOT = iphoneos;
				TARGETED_DEVICE_FAMILY = 2;
				VALIDATE_PRODUCT = YES;
			};
			name = Release;
		};
		B3988ADA1858184100779818 /* Debug */ = {
			isa = XCBuildConfiguration;
			buildSettings = {
				ASSETCATALOG_COMPILER_APPICON_NAME = AppIcon;
				ASSETCATALOG_COMPILER_LAUNCHIMAGE_NAME = LaunchImage;
				GCC_PRECOMPILE_PREFIX_HEADER = YES;
				GCC_PREFIX_HEADER = "SynthDesigner/SynthDesigner-Prefix.pch";
				HEADER_SEARCH_PATHS = (
					"$(inherited)",
					/Applications/Xcode.app/Contents/Developer/Toolchains/XcodeDefault.xctoolchain/usr/include,
					External/Tonic/src,
					External/TheAmazingAudioEngine/TheAmazingAudioEngine,
				);
				INFOPLIST_FILE = "SynthDesigner/SynthDesigner-Info.plist";
				LIBRARY_SEARCH_PATHS = (
					"$(inherited)",
					"/Users/Connor/Mobile\\ Apps/Synth\\ Designer/SynthDesigner/Tonic/lib/build/TonicLib.build/Debug-iphoneos/Tonic-iOS.build/Objects-normal/armv7",
					"/Users/Connor/Mobile\\ Apps/Synth\\ Designer/SynthDesigner/Tonic/lib/build/TonicLib.build/Debug-iphoneos/Tonic-iOS.build/Objects-normal/armv7s",
					"/Users/Connor/Mobile\\ Apps/SynthDesigner/External/Tonic/lib/build/TonicLib.build/Debug-iphoneos/Tonic-iOS.build/Objects-normal/armv7",
					"/Users/Connor/Mobile\\ Apps/SynthDesigner/External/Tonic/lib/build/TonicLib.build/Debug-iphoneos/Tonic-iOS.build/Objects-normal/armv7s",
				);
				PRODUCT_NAME = "$(TARGET_NAME)";
				WRAPPER_EXTENSION = app;
			};
			name = Debug;
		};
		B3988ADB1858184100779818 /* Release */ = {
			isa = XCBuildConfiguration;
			buildSettings = {
				ASSETCATALOG_COMPILER_APPICON_NAME = AppIcon;
				ASSETCATALOG_COMPILER_LAUNCHIMAGE_NAME = LaunchImage;
				GCC_PRECOMPILE_PREFIX_HEADER = YES;
				GCC_PREFIX_HEADER = "SynthDesigner/SynthDesigner-Prefix.pch";
				HEADER_SEARCH_PATHS = (
					"$(inherited)",
					/Applications/Xcode.app/Contents/Developer/Toolchains/XcodeDefault.xctoolchain/usr/include,
					External/Tonic/src,
					External/TheAmazingAudioEngine/TheAmazingAudioEngine,
				);
				INFOPLIST_FILE = "SynthDesigner/SynthDesigner-Info.plist";
				LIBRARY_SEARCH_PATHS = (
					"$(inherited)",
					"/Users/Connor/Mobile\\ Apps/Synth\\ Designer/SynthDesigner/Tonic/lib/build/TonicLib.build/Debug-iphoneos/Tonic-iOS.build/Objects-normal/armv7",
					"/Users/Connor/Mobile\\ Apps/Synth\\ Designer/SynthDesigner/Tonic/lib/build/TonicLib.build/Debug-iphoneos/Tonic-iOS.build/Objects-normal/armv7s",
					"/Users/Connor/Mobile\\ Apps/SynthDesigner/External/Tonic/lib/build/TonicLib.build/Debug-iphoneos/Tonic-iOS.build/Objects-normal/armv7",
					"/Users/Connor/Mobile\\ Apps/SynthDesigner/External/Tonic/lib/build/TonicLib.build/Debug-iphoneos/Tonic-iOS.build/Objects-normal/armv7s",
				);
				PRODUCT_NAME = "$(TARGET_NAME)";
				WRAPPER_EXTENSION = app;
			};
			name = Release;
		};
		B3988ADD1858184100779818 /* Debug */ = {
			isa = XCBuildConfiguration;
			buildSettings = {
				ARCHS = "$(ARCHS_STANDARD_INCLUDING_64_BIT)";
				BUNDLE_LOADER = "$(BUILT_PRODUCTS_DIR)/SynthDesigner.app/SynthDesigner";
				FRAMEWORK_SEARCH_PATHS = (
					"$(SDKROOT)/Developer/Library/Frameworks",
					"$(inherited)",
					"$(DEVELOPER_FRAMEWORKS_DIR)",
				);
				GCC_PRECOMPILE_PREFIX_HEADER = YES;
				GCC_PREFIX_HEADER = "SynthDesigner/SynthDesigner-Prefix.pch";
				GCC_PREPROCESSOR_DEFINITIONS = (
					"DEBUG=1",
					"$(inherited)",
				);
				INFOPLIST_FILE = "SynthDesignerTests/SynthDesignerTests-Info.plist";
				PRODUCT_NAME = "$(TARGET_NAME)";
				TEST_HOST = "$(BUNDLE_LOADER)";
				WRAPPER_EXTENSION = xctest;
			};
			name = Debug;
		};
		B3988ADE1858184100779818 /* Release */ = {
			isa = XCBuildConfiguration;
			buildSettings = {
				ARCHS = "$(ARCHS_STANDARD_INCLUDING_64_BIT)";
				BUNDLE_LOADER = "$(BUILT_PRODUCTS_DIR)/SynthDesigner.app/SynthDesigner";
				FRAMEWORK_SEARCH_PATHS = (
					"$(SDKROOT)/Developer/Library/Frameworks",
					"$(inherited)",
					"$(DEVELOPER_FRAMEWORKS_DIR)",
				);
				GCC_PRECOMPILE_PREFIX_HEADER = YES;
				GCC_PREFIX_HEADER = "SynthDesigner/SynthDesigner-Prefix.pch";
				INFOPLIST_FILE = "SynthDesignerTests/SynthDesignerTests-Info.plist";
				PRODUCT_NAME = "$(TARGET_NAME)";
				TEST_HOST = "$(BUNDLE_LOADER)";
				WRAPPER_EXTENSION = xctest;
			};
			name = Release;
		};
/* End XCBuildConfiguration section */

/* Begin XCConfigurationList section */
		B3988AA21858184100779818 /* Build configuration list for PBXProject "SynthDesigner" */ = {
			isa = XCConfigurationList;
			buildConfigurations = (
				B3988AD71858184100779818 /* Debug */,
				B3988AD81858184100779818 /* Release */,
			);
			defaultConfigurationIsVisible = 0;
			defaultConfigurationName = Release;
		};
		B3988AD91858184100779818 /* Build configuration list for PBXNativeTarget "SynthDesigner" */ = {
			isa = XCConfigurationList;
			buildConfigurations = (
				B3988ADA1858184100779818 /* Debug */,
				B3988ADB1858184100779818 /* Release */,
			);
			defaultConfigurationIsVisible = 0;
			defaultConfigurationName = Release;
		};
		B3988ADC1858184100779818 /* Build configuration list for PBXNativeTarget "SynthDesignerTests" */ = {
			isa = XCConfigurationList;
			buildConfigurations = (
				B3988ADD1858184100779818 /* Debug */,
				B3988ADE1858184100779818 /* Release */,
			);
			defaultConfigurationIsVisible = 0;
			defaultConfigurationName = Release;
		};
/* End XCConfigurationList section */
	};
	rootObject = B3988A9F1858184100779818 /* Project object */;
}
